PODS:
  - ReactiveCocoa (5.0.4):
    - ReactiveSwift (~> 1.1)
  - ReactiveSwift (1.1.5):
    - Result (~> 3.2)
  - Result (3.2.4)

DEPENDENCIES:
  - ReactiveCocoa (~> 5.0.0)

SPEC REPOS:
  trunk:
    - ReactiveCocoa
    - ReactiveSwift
    - Result

SPEC CHECKSUMS:
  ReactiveCocoa: b31e754d15937811ede648fc83cd68f5de70a3d4
  ReactiveSwift: 3fea31f8fc49f112d2dc613282c5d395c4d167bb
  Result: d2d07204ce72856f1fd9130bbe42c35a7b0fea10

PODFILE CHECKSUM: 7bc4c5befbcc016c120fa5a5232d981f63817b30

COCOAPODS: 1.8.4
