// !$*UTF8*$!
{
	archiveVersion = 1;
	classes = {
	};
	objectVersion = 51;
	objects = {

/* Begin PBXBuildFile section */
		3D0153D68F19B761436477AB /* Pods_SelfEvaluation.framework in Frameworks */ = {isa = PBXBuildFile; fileRef = DD0A8BE69CE10DEC8641ED0A /* Pods_SelfEvaluation.framework */; };
		983C6949241EC8A30094C36E /* AppDelegate.swift in Sources */ = {isa = PBXBuildFile; fileRef = 983C6948241EC8A30094C36E /* AppDelegate.swift */; };
		983C6950241EC8A30094C36E /* Main.storyboard in Resources */ = {isa = PBXBuildFile; fileRef = 983C694E241EC8A30094C36E /* Main.storyboard */; };
		983C6952241EC8A90094C36E /* Assets.xcassets in Resources */ = {isa = PBXBuildFile; fileRef = 983C6951241EC8A90094C36E /* Assets.xcassets */; };
		983C6955241EC8A90094C36E /* LaunchScreen.storyboard in Resources */ = {isa = PBXBuildFile; fileRef = 983C6953241EC8A90094C36E /* LaunchScreen.storyboard */; };
		983C6960241EC8A90094C36E /* SelfEvaluationTests.swift in Sources */ = {isa = PBXBuildFile; fileRef = 983C695F241EC8A90094C36E /* SelfEvaluationTests.swift */; };
		983C6974241ED8520094C36E /* museosans-500.otf in Resources */ = {isa = PBXBuildFile; fileRef = 983C6973241ED8520094C36E /* museosans-500.otf */; };
		9897A3E2241F551500906CBB /* FormViewController.swift in Sources */ = {isa = PBXBuildFile; fileRef = 9897A3E1241F551500906CBB /* FormViewController.swift */; };
		9897A3E5241F55D600906CBB /* FormTableVIewCell.swift in Sources */ = {isa = PBXBuildFile; fileRef = 9897A3E4241F55D600906CBB /* FormTableVIewCell.swift */; };
		9897A3E8241F569A00906CBB /* FormViewModel.swift in Sources */ = {isa = PBXBuildFile; fileRef = 9897A3E7241F569A00906CBB /* FormViewModel.swift */; };
		9897A3F6241F5E2600906CBB /* String+Validation.swift in Sources */ = {isa = PBXBuildFile; fileRef = 9897A3F5241F5E2600906CBB /* String+Validation.swift */; };
		9897A3FA241F650200906CBB /* SceneDelegate.swift in Sources */ = {isa = PBXBuildFile; fileRef = 9897A3F9241F650200906CBB /* SceneDelegate.swift */; };
		9897A430241F6C9300906CBB /* FormQuestion.swift in Sources */ = {isa = PBXBuildFile; fileRef = 9897A42F241F6C9300906CBB /* FormQuestion.swift */; };
		9897A432241F6E3600906CBB /* Candidate.swift in Sources */ = {isa = PBXBuildFile; fileRef = 9897A431241F6E3600906CBB /* Candidate.swift */; };
		9897A434241F701A00906CBB /* FormController.swift in Sources */ = {isa = PBXBuildFile; fileRef = 9897A433241F701A00906CBB /* FormController.swift */; };
/* End PBXBuildFile section */

/* Begin PBXContainerItemProxy section */
		983C695C241EC8A90094C36E /* PBXContainerItemProxy */ = {
			isa = PBXContainerItemProxy;
			containerPortal = 983C693D241EC8A30094C36E /* Project object */;
			proxyType = 1;
			remoteGlobalIDString = 983C6944241EC8A30094C36E;
			remoteInfo = SelfEvaluation;
		};
/* End PBXContainerItemProxy section */

/* Begin PBXFileReference section */
		4CC76B405DF94B40E7342FE6 /* Pods-SelfEvaluation.debug.xcconfig */ = {isa = PBXFileReference; includeInIndex = 1; lastKnownFileType = text.xcconfig; name = "Pods-SelfEvaluation.debug.xcconfig"; path = "Target Support Files/Pods-SelfEvaluation/Pods-SelfEvaluation.debug.xcconfig"; sourceTree = "<group>"; };
		983C6945241EC8A30094C36E /* SelfEvaluation.app */ = {isa = PBXFileReference; explicitFileType = wrapper.application; includeInIndex = 0; path = SelfEvaluation.app; sourceTree = BUILT_PRODUCTS_DIR; };
		983C6948241EC8A30094C36E /* AppDelegate.swift */ = {isa = PBXFileReference; lastKnownFileType = sourcecode.swift; path = AppDelegate.swift; sourceTree = "<group>"; };
		983C694F241EC8A30094C36E /* Base */ = {isa = PBXFileReference; lastKnownFileType = file.storyboard; name = Base; path = Base.lproj/Main.storyboard; sourceTree = "<group>"; };
		983C6951241EC8A90094C36E /* Assets.xcassets */ = {isa = PBXFileReference; lastKnownFileType = folder.assetcatalog; path = Assets.xcassets; sourceTree = "<group>"; };
		983C6954241EC8A90094C36E /* Base */ = {isa = PBXFileReference; lastKnownFileType = file.storyboard; name = Base; path = Base.lproj/LaunchScreen.storyboard; sourceTree = "<group>"; };
		983C6956241EC8A90094C36E /* Info.plist */ = {isa = PBXFileReference; lastKnownFileType = text.plist.xml; path = Info.plist; sourceTree = "<group>"; };
		983C695B241EC8A90094C36E /* SelfEvaluationTests.xctest */ = {isa = PBXFileReference; explicitFileType = wrapper.cfbundle; includeInIndex = 0; path = SelfEvaluationTests.xctest; sourceTree = BUILT_PRODUCTS_DIR; };
		983C695F241EC8A90094C36E /* SelfEvaluationTests.swift */ = {isa = PBXFileReference; lastKnownFileType = sourcecode.swift; path = SelfEvaluationTests.swift; sourceTree = "<group>"; };
		983C6961241EC8A90094C36E /* Info.plist */ = {isa = PBXFileReference; lastKnownFileType = text.plist.xml; path = Info.plist; sourceTree = "<group>"; };
		983C6973241ED8520094C36E /* museosans-500.otf */ = {isa = PBXFileReference; lastKnownFileType = file; name = "museosans-500.otf"; path = "SelfEvaluation/Resources/museosans-500.otf"; sourceTree = SOURCE_ROOT; };
		9897A3E1241F551500906CBB /* FormViewController.swift */ = {isa = PBXFileReference; lastKnownFileType = sourcecode.swift; path = FormViewController.swift; sourceTree = "<group>"; };
		9897A3E4241F55D600906CBB /* FormTableVIewCell.swift */ = {isa = PBXFileReference; lastKnownFileType = sourcecode.swift; path = FormTableVIewCell.swift; sourceTree = "<group>"; };
		9897A3E7241F569A00906CBB /* FormViewModel.swift */ = {isa = PBXFileReference; lastKnownFileType = sourcecode.swift; path = FormViewModel.swift; sourceTree = "<group>"; };
		9897A3E9241F56DD00906CBB /* ReactiveSwift.framework */ = {isa = PBXFileReference; explicitFileType = wrapper.framework; path = ReactiveSwift.framework; sourceTree = BUILT_PRODUCTS_DIR; };
		9897A3ED241F56E400906CBB /* ReactiveCocoa.framework */ = {isa = PBXFileReference; explicitFileType = wrapper.framework; path = ReactiveCocoa.framework; sourceTree = BUILT_PRODUCTS_DIR; };
		9897A3F0241F581E00906CBB /* ReactiveCocoa.framework */ = {isa = PBXFileReference; explicitFileType = wrapper.framework; path = ReactiveCocoa.framework; sourceTree = BUILT_PRODUCTS_DIR; };
		9897A3F2241F582500906CBB /* ReactiveSwift.framework */ = {isa = PBXFileReference; explicitFileType = wrapper.framework; path = ReactiveSwift.framework; sourceTree = BUILT_PRODUCTS_DIR; };
		9897A3F5241F5E2600906CBB /* String+Validation.swift */ = {isa = PBXFileReference; lastKnownFileType = sourcecode.swift; path = "String+Validation.swift"; sourceTree = "<group>"; };
		9897A3F9241F650200906CBB /* SceneDelegate.swift */ = {isa = PBXFileReference; lastKnownFileType = sourcecode.swift; path = SceneDelegate.swift; sourceTree = "<group>"; };
		9897A42F241F6C9300906CBB /* FormQuestion.swift */ = {isa = PBXFileReference; lastKnownFileType = sourcecode.swift; path = FormQuestion.swift; sourceTree = "<group>"; };
		9897A431241F6E3600906CBB /* Candidate.swift */ = {isa = PBXFileReference; lastKnownFileType = sourcecode.swift; path = Candidate.swift; sourceTree = "<group>"; };
		9897A433241F701A00906CBB /* FormController.swift */ = {isa = PBXFileReference; lastKnownFileType = sourcecode.swift; path = FormController.swift; sourceTree = "<group>"; };
		B1CA6B57F40D267071CD2DED /* Pods-SelfEvaluation.release.xcconfig */ = {isa = PBXFileReference; includeInIndex = 1; lastKnownFileType = text.xcconfig; name = "Pods-SelfEvaluation.release.xcconfig"; path = "Target Support Files/Pods-SelfEvaluation/Pods-SelfEvaluation.release.xcconfig"; sourceTree = "<group>"; };
		DD0A8BE69CE10DEC8641ED0A /* Pods_SelfEvaluation.framework */ = {isa = PBXFileReference; explicitFileType = wrapper.framework; includeInIndex = 0; path = Pods_SelfEvaluation.framework; sourceTree = BUILT_PRODUCTS_DIR; };
/* End PBXFileReference section */

/* Begin PBXFrameworksBuildPhase section */
		983C6942241EC8A30094C36E /* Frameworks */ = {
			isa = PBXFrameworksBuildPhase;
			buildActionMask = 2147483647;
			files = (
				3D0153D68F19B761436477AB /* Pods_SelfEvaluation.framework in Frameworks */,
			);
			runOnlyForDeploymentPostprocessing = 0;
		};
		983C6958241EC8A90094C36E /* Frameworks */ = {
			isa = PBXFrameworksBuildPhase;
			buildActionMask = 2147483647;
			files = (
			);
			runOnlyForDeploymentPostprocessing = 0;
		};
/* End PBXFrameworksBuildPhase section */

/* Begin PBXGroup section */
		2B37187E9E8699CA1DE6A152 /* Pods */ = {
			isa = PBXGroup;
			children = (
				4CC76B405DF94B40E7342FE6 /* Pods-SelfEvaluation.debug.xcconfig */,
				B1CA6B57F40D267071CD2DED /* Pods-SelfEvaluation.release.xcconfig */,
			);
			path = Pods;
			sourceTree = "<group>";
		};
		983C693C241EC8A30094C36E = {
			isa = PBXGroup;
			children = (
				983C6947241EC8A30094C36E /* SelfEvaluation */,
				983C695E241EC8A90094C36E /* SelfEvaluationTests */,
				983C6946241EC8A30094C36E /* Products */,
				2B37187E9E8699CA1DE6A152 /* Pods */,
				A111991A05C32C2F84ABED36 /* Frameworks */,
			);
			sourceTree = "<group>";
		};
		983C6946241EC8A30094C36E /* Products */ = {
			isa = PBXGroup;
			children = (
				983C6945241EC8A30094C36E /* SelfEvaluation.app */,
				983C695B241EC8A90094C36E /* SelfEvaluationTests.xctest */,
			);
			name = Products;
			sourceTree = "<group>";
		};
		983C6947241EC8A30094C36E /* SelfEvaluation */ = {
			isa = PBXGroup;
			children = (
				9897A42C241F6BA300906CBB /* ModelControllers */,
				9897A429241F6AA400906CBB /* Models */,
				9897A3F4241F5DF100906CBB /* Extensions */,
				9897A3E6241F568000906CBB /* ViewModels */,
				9897A3E3241F559F00906CBB /* Views */,
				983C696F241ED3860094C36E /* ViewControllers */,
				983C696B241EC9570094C36E /* Storyboards */,
				983C696A241EC93D0094C36E /* Resources */,
			);
			path = SelfEvaluation;
			sourceTree = "<group>";
		};
		983C695E241EC8A90094C36E /* SelfEvaluationTests */ = {
			isa = PBXGroup;
			children = (
				983C695F241EC8A90094C36E /* SelfEvaluationTests.swift */,
				983C6961241EC8A90094C36E /* Info.plist */,
			);
			path = SelfEvaluationTests;
			sourceTree = "<group>";
		};
		983C696A241EC93D0094C36E /* Resources */ = {
			isa = PBXGroup;
			children = (
				9897A3F9241F650200906CBB /* SceneDelegate.swift */,
				983C6973241ED8520094C36E /* museosans-500.otf */,
				983C6948241EC8A30094C36E /* AppDelegate.swift */,
				983C6956241EC8A90094C36E /* Info.plist */,
				983C6951241EC8A90094C36E /* Assets.xcassets */,
			);
			path = Resources;
			sourceTree = "<group>";
		};
		983C696B241EC9570094C36E /* Storyboards */ = {
			isa = PBXGroup;
			children = (
				983C694E241EC8A30094C36E /* Main.storyboard */,
				983C6953241EC8A90094C36E /* LaunchScreen.storyboard */,
			);
			path = Storyboards;
			sourceTree = "<group>";
		};
		983C696F241ED3860094C36E /* ViewControllers */ = {
			isa = PBXGroup;
			children = (
				9897A3E1241F551500906CBB /* FormViewController.swift */,
			);
			path = ViewControllers;
			sourceTree = "<group>";
		};
		9897A3E3241F559F00906CBB /* Views */ = {
			isa = PBXGroup;
			children = (
				9897A3E4241F55D600906CBB /* FormTableVIewCell.swift */,
			);
			path = Views;
			sourceTree = "<group>";
		};
		9897A3E6241F568000906CBB /* ViewModels */ = {
			isa = PBXGroup;
			children = (
				9897A3E7241F569A00906CBB /* FormViewModel.swift */,
			);
			path = ViewModels;
			sourceTree = "<group>";
		};
		9897A3F4241F5DF100906CBB /* Extensions */ = {
			isa = PBXGroup;
			children = (
				9897A3F5241F5E2600906CBB /* String+Validation.swift */,
			);
			path = Extensions;
			sourceTree = "<group>";
		};
		9897A429241F6AA400906CBB /* Models */ = {
			isa = PBXGroup;
			children = (
				9897A42F241F6C9300906CBB /* FormQuestion.swift */,
				9897A431241F6E3600906CBB /* Candidate.swift */,
			);
			path = Models;
			sourceTree = "<group>";
		};
		9897A42C241F6BA300906CBB /* ModelControllers */ = {
			isa = PBXGroup;
			children = (
				9897A433241F701A00906CBB /* FormController.swift */,
			);
			path = ModelControllers;
			sourceTree = "<group>";
		};
		A111991A05C32C2F84ABED36 /* Frameworks */ = {
			isa = PBXGroup;
			children = (
				9897A3F2241F582500906CBB /* ReactiveSwift.framework */,
				9897A3F0241F581E00906CBB /* ReactiveCocoa.framework */,
				9897A3ED241F56E400906CBB /* ReactiveCocoa.framework */,
				9897A3E9241F56DD00906CBB /* ReactiveSwift.framework */,
				DD0A8BE69CE10DEC8641ED0A /* Pods_SelfEvaluation.framework */,
			);
			name = Frameworks;
			sourceTree = "<group>";
		};
/* End PBXGroup section */

/* Begin PBXNativeTarget section */
		983C6944241EC8A30094C36E /* SelfEvaluation */ = {
			isa = PBXNativeTarget;
			buildConfigurationList = 983C6964241EC8A90094C36E /* Build configuration list for PBXNativeTarget "SelfEvaluation" */;
			buildPhases = (
				9E2D28A5DF72D9C51FD60795 /* [CP] Check Pods Manifest.lock */,
				983C6941241EC8A30094C36E /* Sources */,
				983C6942241EC8A30094C36E /* Frameworks */,
				983C6943241EC8A30094C36E /* Resources */,
				7E756D4751470B00E9DC3C9B /* [CP] Embed Pods Frameworks */,
			);
			buildRules = (
			);
			dependencies = (
			);
			name = SelfEvaluation;
			productName = SelfEvaluation;
			productReference = 983C6945241EC8A30094C36E /* SelfEvaluation.app */;
			productType = "com.apple.product-type.application";
		};
		983C695A241EC8A90094C36E /* SelfEvaluationTests */ = {
			isa = PBXNativeTarget;
			buildConfigurationList = 983C6967241EC8A90094C36E /* Build configuration list for PBXNativeTarget "SelfEvaluationTests" */;
			buildPhases = (
				983C6957241EC8A90094C36E /* Sources */,
				983C6958241EC8A90094C36E /* Frameworks */,
				983C6959241EC8A90094C36E /* Resources */,
			);
			buildRules = (
			);
			dependencies = (
				983C695D241EC8A90094C36E /* PBXTargetDependency */,
			);
			name = SelfEvaluationTests;
			productName = SelfEvaluationTests;
			productReference = 983C695B241EC8A90094C36E /* SelfEvaluationTests.xctest */;
			productType = "com.apple.product-type.bundle.unit-test";
		};
/* End PBXNativeTarget section */

/* Begin PBXProject section */
		983C693D241EC8A30094C36E /* Project object */ = {
			isa = PBXProject;
			attributes = {
				LastSwiftUpdateCheck = 1130;
				LastUpgradeCheck = 1130;
				ORGANIZATIONNAME = "Victor Ruiz";
				TargetAttributes = {
					983C6944241EC8A30094C36E = {
						CreatedOnToolsVersion = 11.3.1;
					};
					983C695A241EC8A90094C36E = {
						CreatedOnToolsVersion = 11.3.1;
						TestTargetID = 983C6944241EC8A30094C36E;
					};
				};
			};
			buildConfigurationList = 983C6940241EC8A30094C36E /* Build configuration list for PBXProject "SelfEvaluation" */;
			compatibilityVersion = "Xcode 9.3";
			developmentRegion = en;
			hasScannedForEncodings = 0;
			knownRegions = (
				en,
				Base,
			);
			mainGroup = 983C693C241EC8A30094C36E;
			productRefGroup = 983C6946241EC8A30094C36E /* Products */;
			projectDirPath = "";
			projectRoot = "";
			targets = (
				983C6944241EC8A30094C36E /* SelfEvaluation */,
				983C695A241EC8A90094C36E /* SelfEvaluationTests */,
			);
		};
/* End PBXProject section */

/* Begin PBXResourcesBuildPhase section */
		983C6943241EC8A30094C36E /* Resources */ = {
			isa = PBXResourcesBuildPhase;
			buildActionMask = 2147483647;
			files = (
				983C6974241ED8520094C36E /* museosans-500.otf in Resources */,
				983C6955241EC8A90094C36E /* LaunchScreen.storyboard in Resources */,
				983C6952241EC8A90094C36E /* Assets.xcassets in Resources */,
				983C6950241EC8A30094C36E /* Main.storyboard in Resources */,
			);
			runOnlyForDeploymentPostprocessing = 0;
		};
		983C6959241EC8A90094C36E /* Resources */ = {
			isa = PBXResourcesBuildPhase;
			buildActionMask = 2147483647;
			files = (
			);
			runOnlyForDeploymentPostprocessing = 0;
		};
/* End PBXResourcesBuildPhase section */

/* Begin PBXShellScriptBuildPhase section */
		7E756D4751470B00E9DC3C9B /* [CP] Embed Pods Frameworks */ = {
			isa = PBXShellScriptBuildPhase;
			buildActionMask = 2147483647;
			files = (
			);
			inputFileListPaths = (
				"${PODS_ROOT}/Target Support Files/Pods-SelfEvaluation/Pods-SelfEvaluation-frameworks-${CONFIGURATION}-input-files.xcfilelist",
			);
			name = "[CP] Embed Pods Frameworks";
			outputFileListPaths = (
				"${PODS_ROOT}/Target Support Files/Pods-SelfEvaluation/Pods-SelfEvaluation-frameworks-${CONFIGURATION}-output-files.xcfilelist",
			);
			runOnlyForDeploymentPostprocessing = 0;
			shellPath = /bin/sh;
			shellScript = "\"${PODS_ROOT}/Target Support Files/Pods-SelfEvaluation/Pods-SelfEvaluation-frameworks.sh\"\n";
			showEnvVarsInLog = 0;
		};
		9E2D28A5DF72D9C51FD60795 /* [CP] Check Pods Manifest.lock */ = {
			isa = PBXShellScriptBuildPhase;
			buildActionMask = 2147483647;
			files = (
			);
			inputFileListPaths = (
			);
			inputPaths = (
				"${PODS_PODFILE_DIR_PATH}/Podfile.lock",
				"${PODS_ROOT}/Manifest.lock",
			);
			name = "[CP] Check Pods Manifest.lock";
			outputFileListPaths = (
			);
			outputPaths = (
				"$(DERIVED_FILE_DIR)/Pods-SelfEvaluation-checkManifestLockResult.txt",
			);
			runOnlyForDeploymentPostprocessing = 0;
			shellPath = /bin/sh;
			shellScript = "diff \"${PODS_PODFILE_DIR_PATH}/Podfile.lock\" \"${PODS_ROOT}/Manifest.lock\" > /dev/null\nif [ $? != 0 ] ; then\n    # print error to STDERR\n    echo \"error: The sandbox is not in sync with the Podfile.lock. Run 'pod install' or update your CocoaPods installation.\" >&2\n    exit 1\nfi\n# This output is used by Xcode 'outputs' to avoid re-running this script phase.\necho \"SUCCESS\" > \"${SCRIPT_OUTPUT_FILE_0}\"\n";
			showEnvVarsInLog = 0;
		};
/* End PBXShellScriptBuildPhase section */

/* Begin PBXSourcesBuildPhase section */
		983C6941241EC8A30094C36E /* Sources */ = {
			isa = PBXSourcesBuildPhase;
			buildActionMask = 2147483647;
			files = (
				9897A3E5241F55D600906CBB /* FormTableVIewCell.swift in Sources */,
				9897A3F6241F5E2600906CBB /* String+Validation.swift in Sources */,
				9897A3E2241F551500906CBB /* FormViewController.swift in Sources */,
				9897A3E8241F569A00906CBB /* FormViewModel.swift in Sources */,
				983C6949241EC8A30094C36E /* AppDelegate.swift in Sources */,
				9897A430241F6C9300906CBB /* FormQuestion.swift in Sources */,
				9897A434241F701A00906CBB /* FormController.swift in Sources */,
				9897A432241F6E3600906CBB /* Candidate.swift in Sources */,
				9897A3FA241F650200906CBB /* SceneDelegate.swift in Sources */,
			);
			runOnlyForDeploymentPostprocessing = 0;
		};
		983C6957241EC8A90094C36E /* Sources */ = {
			isa = PBXSourcesBuildPhase;
			buildActionMask = 2147483647;
			files = (
				983C6960241EC8A90094C36E /* SelfEvaluationTests.swift in Sources */,
			);
			runOnlyForDeploymentPostprocessing = 0;
		};
/* End PBXSourcesBuildPhase section */

/* Begin PBXTargetDependency section */
		983C695D241EC8A90094C36E /* PBXTargetDependency */ = {
			isa = PBXTargetDependency;
			target = 983C6944241EC8A30094C36E /* SelfEvaluation */;
			targetProxy = 983C695C241EC8A90094C36E /* PBXContainerItemProxy */;
		};
/* End PBXTargetDependency section */

/* Begin PBXVariantGroup section */
		983C694E241EC8A30094C36E /* Main.storyboard */ = {
			isa = PBXVariantGroup;
			children = (
				983C694F241EC8A30094C36E /* Base */,
			);
			name = Main.storyboard;
			sourceTree = "<group>";
		};
		983C6953241EC8A90094C36E /* LaunchScreen.storyboard */ = {
			isa = PBXVariantGroup;
			children = (
				983C6954241EC8A90094C36E /* Base */,
			);
			name = LaunchScreen.storyboard;
			sourceTree = "<group>";
		};
/* End PBXVariantGroup section */

/* Begin XCBuildConfiguration section */
		983C6962241EC8A90094C36E /* Debug */ = {
			isa = XCBuildConfiguration;
			buildSettings = {
				ALWAYS_SEARCH_USER_PATHS = NO;
				CLANG_ANALYZER_NONNULL = YES;
				CLANG_ANALYZER_NUMBER_OBJECT_CONVERSION = YES_AGGRESSIVE;
				CLANG_CXX_LANGUAGE_STANDARD = "gnu++14";
				CLANG_CXX_LIBRARY = "libc++";
				CLANG_ENABLE_MODULES = YES;
				CLANG_ENABLE_OBJC_ARC = YES;
				CLANG_ENABLE_OBJC_WEAK = YES;
				CLANG_WARN_BLOCK_CAPTURE_AUTORELEASING = YES;
				CLANG_WARN_BOOL_CONVERSION = YES;
				CLANG_WARN_COMMA = YES;
				CLANG_WARN_CONSTANT_CONVERSION = YES;
				CLANG_WARN_DEPRECATED_OBJC_IMPLEMENTATIONS = YES;
				CLANG_WARN_DIRECT_OBJC_ISA_USAGE = YES_ERROR;
				CLANG_WARN_DOCUMENTATION_COMMENTS = YES;
				CLANG_WARN_EMPTY_BODY = YES;
				CLANG_WARN_ENUM_CONVERSION = YES;
				CLANG_WARN_INFINITE_RECURSION = YES;
				CLANG_WARN_INT_CONVERSION = YES;
				CLANG_WARN_NON_LITERAL_NULL_CONVERSION = YES;
				CLANG_WARN_OBJC_IMPLICIT_RETAIN_SELF = YES;
				CLANG_WARN_OBJC_LITERAL_CONVERSION = YES;
				CLANG_WARN_OBJC_ROOT_CLASS = YES_ERROR;
				CLANG_WARN_RANGE_LOOP_ANALYSIS = YES;
				CLANG_WARN_STRICT_PROTOTYPES = YES;
				CLANG_WARN_SUSPICIOUS_MOVE = YES;
				CLANG_WARN_UNGUARDED_AVAILABILITY = YES_AGGRESSIVE;
				CLANG_WARN_UNREACHABLE_CODE = YES;
				CLANG_WARN__DUPLICATE_METHOD_MATCH = YES;
				COPY_PHASE_STRIP = NO;
				DEBUG_INFORMATION_FORMAT = dwarf;
				ENABLE_STRICT_OBJC_MSGSEND = YES;
				ENABLE_TESTABILITY = YES;
				GCC_C_LANGUAGE_STANDARD = gnu11;
				GCC_DYNAMIC_NO_PIC = NO;
				GCC_NO_COMMON_BLOCKS = YES;
				GCC_OPTIMIZATION_LEVEL = 0;
				GCC_PREPROCESSOR_DEFINITIONS = (
					"DEBUG=1",
					"$(inherited)",
				);
				GCC_WARN_64_TO_32_BIT_CONVERSION = YES;
				GCC_WARN_ABOUT_RETURN_TYPE = YES_ERROR;
				GCC_WARN_UNDECLARED_SELECTOR = YES;
				GCC_WARN_UNINITIALIZED_AUTOS = YES_AGGRESSIVE;
				GCC_WARN_UNUSED_FUNCTION = YES;
				GCC_WARN_UNUSED_VARIABLE = YES;
				IPHONEOS_DEPLOYMENT_TARGET = 13.2;
				MTL_ENABLE_DEBUG_INFO = INCLUDE_SOURCE;
				MTL_FAST_MATH = YES;
				ONLY_ACTIVE_ARCH = YES;
				SDKROOT = iphoneos;
				SWIFT_ACTIVE_COMPILATION_CONDITIONS = DEBUG;
				SWIFT_OPTIMIZATION_LEVEL = "-Onone";
			};
			name = Debug;
		};
		983C6963241EC8A90094C36E /* Release */ = {
			isa = XCBuildConfiguration;
			buildSettings = {
				ALWAYS_SEARCH_USER_PATHS = NO;
				CLANG_ANALYZER_NONNULL = YES;
				CLANG_ANALYZER_NUMBER_OBJECT_CONVERSION = YES_AGGRESSIVE;
				CLANG_CXX_LANGUAGE_STANDARD = "gnu++14";
				CLANG_CXX_LIBRARY = "libc++";
				CLANG_ENABLE_MODULES = YES;
				CLANG_ENABLE_OBJC_ARC = YES;
				CLANG_ENABLE_OBJC_WEAK = YES;
				CLANG_WARN_BLOCK_CAPTURE_AUTORELEASING = YES;
				CLANG_WARN_BOOL_CONVERSION = YES;
				CLANG_WARN_COMMA = YES;
				CLANG_WARN_CONSTANT_CONVERSION = YES;
				CLANG_WARN_DEPRECATED_OBJC_IMPLEMENTATIONS = YES;
				CLANG_WARN_DIRECT_OBJC_ISA_USAGE = YES_ERROR;
				CLANG_WARN_DOCUMENTATION_COMMENTS = YES;
				CLANG_WARN_EMPTY_BODY = YES;
				CLANG_WARN_ENUM_CONVERSION = YES;
				CLANG_WARN_INFINITE_RECURSION = YES;
				CLANG_WARN_INT_CONVERSION = YES;
				CLANG_WARN_NON_LITERAL_NULL_CONVERSION = YES;
				CLANG_WARN_OBJC_IMPLICIT_RETAIN_SELF = YES;
				CLANG_WARN_OBJC_LITERAL_CONVERSION = YES;
				CLANG_WARN_OBJC_ROOT_CLASS = YES_ERROR;
				CLANG_WARN_RANGE_LOOP_ANALYSIS = YES;
				CLANG_WARN_STRICT_PROTOTYPES = YES;
				CLANG_WARN_SUSPICIOUS_MOVE = YES;
				CLANG_WARN_UNGUARDED_AVAILABILITY = YES_AGGRESSIVE;
				CLANG_WARN_UNREACHABLE_CODE = YES;
				CLANG_WARN__DUPLICATE_METHOD_MATCH = YES;
				COPY_PHASE_STRIP = NO;
				DEBUG_INFORMATION_FORMAT = "dwarf-with-dsym";
				ENABLE_NS_ASSERTIONS = NO;
				ENABLE_STRICT_OBJC_MSGSEND = YES;
				GCC_C_LANGUAGE_STANDARD = gnu11;
				GCC_NO_COMMON_BLOCKS = YES;
				GCC_WARN_64_TO_32_BIT_CONVERSION = YES;
				GCC_WARN_ABOUT_RETURN_TYPE = YES_ERROR;
				GCC_WARN_UNDECLARED_SELECTOR = YES;
				GCC_WARN_UNINITIALIZED_AUTOS = YES_AGGRESSIVE;
				GCC_WARN_UNUSED_FUNCTION = YES;
				GCC_WARN_UNUSED_VARIABLE = YES;
				IPHONEOS_DEPLOYMENT_TARGET = 13.2;
				MTL_ENABLE_DEBUG_INFO = NO;
				MTL_FAST_MATH = YES;
				SDKROOT = iphoneos;
				SWIFT_COMPILATION_MODE = wholemodule;
				SWIFT_OPTIMIZATION_LEVEL = "-O";
				VALIDATE_PRODUCT = YES;
			};
			name = Release;
		};
		983C6965241EC8A90094C36E /* Debug */ = {
			isa = XCBuildConfiguration;
			baseConfigurationReference = 4CC76B405DF94B40E7342FE6 /* Pods-SelfEvaluation.debug.xcconfig */;
			buildSettings = {
				ASSETCATALOG_COMPILER_APPICON_NAME = AppIcon;
				CODE_SIGN_STYLE = Automatic;
				DEVELOPMENT_TEAM = V47GDXC884;
				INFOPLIST_FILE = SelfEvaluation/Resources/Info.plist;
				LD_RUNPATH_SEARCH_PATHS = (
					"$(inherited)",
					"@executable_path/Frameworks",
				);
				PRODUCT_BUNDLE_IDENTIFIER = com.victorruiz.SelfEvaluation;
				PRODUCT_NAME = "$(TARGET_NAME)";
				SWIFT_VERSION = 5.0;
				TARGETED_DEVICE_FAMILY = 1;
			};
			name = Debug;
		};
		983C6966241EC8A90094C36E /* Release */ = {
			isa = XCBuildConfiguration;
			baseConfigurationReference = B1CA6B57F40D267071CD2DED /* Pods-SelfEvaluation.release.xcconfig */;
			buildSettings = {
				ASSETCATALOG_COMPILER_APPICON_NAME = AppIcon;
				CODE_SIGN_STYLE = Automatic;
				DEVELOPMENT_TEAM = V47GDXC884;
				INFOPLIST_FILE = SelfEvaluation/Resources/Info.plist;
				LD_RUNPATH_SEARCH_PATHS = (
					"$(inherited)",
					"@executable_path/Frameworks",
				);
				PRODUCT_BUNDLE_IDENTIFIER = com.victorruiz.SelfEvaluation;
				PRODUCT_NAME = "$(TARGET_NAME)";
				SWIFT_VERSION = 5.0;
				TARGETED_DEVICE_FAMILY = 1;
			};
			name = Release;
		};
		983C6968241EC8A90094C36E /* Debug */ = {
			isa = XCBuildConfiguration;
			buildSettings = {
				ALWAYS_EMBED_SWIFT_STANDARD_LIBRARIES = YES;
				BUNDLE_LOADER = "$(TEST_HOST)";
				CODE_SIGN_STYLE = Automatic;
				DEVELOPMENT_TEAM = V47GDXC884;
				INFOPLIST_FILE = SelfEvaluationTests/Info.plist;
				IPHONEOS_DEPLOYMENT_TARGET = 13.2;
				LD_RUNPATH_SEARCH_PATHS = (
					"$(inherited)",
					"@executable_path/Frameworks",
					"@loader_path/Frameworks",
				);
				PRODUCT_BUNDLE_IDENTIFIER = com.victorruiz.SelfEvaluationTests;
				PRODUCT_NAME = "$(TARGET_NAME)";
				SWIFT_VERSION = 5.0;
				TARGETED_DEVICE_FAMILY = "1,2";
				TEST_HOST = "$(BUILT_PRODUCTS_DIR)/SelfEvaluation.app/SelfEvaluation";
			};
			name = Debug;
		};
		983C6969241EC8A90094C36E /* Release */ = {
			isa = XCBuildConfiguration;
			buildSettings = {
				ALWAYS_EMBED_SWIFT_STANDARD_LIBRARIES = YES;
				BUNDLE_LOADER = "$(TEST_HOST)";
				CODE_SIGN_STYLE = Automatic;
				DEVELOPMENT_TEAM = V47GDXC884;
				INFOPLIST_FILE = SelfEvaluationTests/Info.plist;
				IPHONEOS_DEPLOYMENT_TARGET = 13.2;
				LD_RUNPATH_SEARCH_PATHS = (
					"$(inherited)",
					"@executable_path/Frameworks",
					"@loader_path/Frameworks",
				);
				PRODUCT_BUNDLE_IDENTIFIER = com.victorruiz.SelfEvaluationTests;
				PRODUCT_NAME = "$(TARGET_NAME)";
				SWIFT_VERSION = 5.0;
				TARGETED_DEVICE_FAMILY = "1,2";
				TEST_HOST = "$(BUILT_PRODUCTS_DIR)/SelfEvaluation.app/SelfEvaluation";
			};
			name = Release;
		};
/* End XCBuildConfiguration section */

/* Begin XCConfigurationList section */
		983C6940241EC8A30094C36E /* Build configuration list for PBXProject "SelfEvaluation" */ = {
			isa = XCConfigurationList;
			buildConfigurations = (
				983C6962241EC8A90094C36E /* Debug */,
				983C6963241EC8A90094C36E /* Release */,
			);
			defaultConfigurationIsVisible = 0;
			defaultConfigurationName = Release;
		};
		983C6964241EC8A90094C36E /* Build configuration list for PBXNativeTarget "SelfEvaluation" */ = {
			isa = XCConfigurationList;
			buildConfigurations = (
				983C6965241EC8A90094C36E /* Debug */,
				983C6966241EC8A90094C36E /* Release */,
			);
			defaultConfigurationIsVisible = 0;
			defaultConfigurationName = Release;
		};
		983C6967241EC8A90094C36E /* Build configuration list for PBXNativeTarget "SelfEvaluationTests" */ = {
			isa = XCConfigurationList;
			buildConfigurations = (
				983C6968241EC8A90094C36E /* Debug */,
				983C6969241EC8A90094C36E /* Release */,
			);
			defaultConfigurationIsVisible = 0;
			defaultConfigurationName = Release;
		};
/* End XCConfigurationList section */
	};
	rootObject = 983C693D241EC8A30094C36E /* Project object */;
}
